// !$*UTF8*$!
{
	archiveVersion = 1;
	classes = {
	};
	objectVersion = 46;
	objects = {

/* Begin PBXBuildFile section */
		2EF452091E88DE7800127288 /* main.m in Sources */ = {isa = PBXBuildFile; fileRef = 2EF452081E88DE7800127288 /* main.m */; };
		2EF4520C1E88DE7800127288 /* AppDelegate.m in Sources */ = {isa = PBXBuildFile; fileRef = 2EF4520B1E88DE7800127288 /* AppDelegate.m */; };
		2EF4520F1E88DE7800127288 /* ViewController.m in Sources */ = {isa = PBXBuildFile; fileRef = 2EF4520E1E88DE7800127288 /* ViewController.m */; };
		2EF452121E88DE7800127288 /* Main.storyboard in Resources */ = {isa = PBXBuildFile; fileRef = 2EF452101E88DE7800127288 /* Main.storyboard */; };
		2EF452141E88DE7800127288 /* Assets.xcassets in Resources */ = {isa = PBXBuildFile; fileRef = 2EF452131E88DE7800127288 /* Assets.xcassets */; };
		2EF452171E88DE7800127288 /* LaunchScreen.storyboard in Resources */ = {isa = PBXBuildFile; fileRef = 2EF452151E88DE7800127288 /* LaunchScreen.storyboard */; };
		2EF452221E88DE7800127288 /* WKWebViewTests.m in Sources */ = {isa = PBXBuildFile; fileRef = 2EF452211E88DE7800127288 /* WKWebViewTests.m */; };
		2EF4522D1E88DE7800127288 /* WKWebViewUITests.m in Sources */ = {isa = PBXBuildFile; fileRef = 2EF4522C1E88DE7800127288 /* WKWebViewUITests.m */; };
/* End PBXBuildFile section */

/* Begin PBXContainerItemProxy section */
		2EF4521E1E88DE7800127288 /* PBXContainerItemProxy */ = {
			isa = PBXContainerItemProxy;
			containerPortal = 2EF451FC1E88DE7800127288 /* Project object */;
			proxyType = 1;
			remoteGlobalIDString = 2EF452031E88DE7800127288;
			remoteInfo = WKWebView;
		};
		2EF452291E88DE7800127288 /* PBXContainerItemProxy */ = {
			isa = PBXContainerItemProxy;
			containerPortal = 2EF451FC1E88DE7800127288 /* Project object */;
			proxyType = 1;
			remoteGlobalIDString = 2EF452031E88DE7800127288;
			remoteInfo = WKWebView;
		};
/* End PBXContainerItemProxy section */

/* Begin PBXFileReference section */
		2EF452041E88DE7800127288 /* WKWebView.app */ = {isa = PBXFileReference; explicitFileType = wrapper.application; includeInIndex = 0; path = WKWebView.app; sourceTree = BUILT_PRODUCTS_DIR; };
		2EF452081E88DE7800127288 /* main.m */ = {isa = PBXFileReference; lastKnownFileType = sourcecode.c.objc; path = main.m; sourceTree = "<group>"; };
		2EF4520A1E88DE7800127288 /* AppDelegate.h */ = {isa = PBXFileReference; lastKnownFileType = sourcecode.c.h; path = AppDelegate.h; sourceTree = "<group>"; };
		2EF4520B1E88DE7800127288 /* AppDelegate.m */ = {isa = PBXFileReference; lastKnownFileType = sourcecode.c.objc; path = AppDelegate.m; sourceTree = "<group>"; };
		2EF4520D1E88DE7800127288 /* ViewController.h */ = {isa = PBXFileReference; lastKnownFileType = sourcecode.c.h; path = ViewController.h; sourceTree = "<group>"; };
		2EF4520E1E88DE7800127288 /* ViewController.m */ = {isa = PBXFileReference; lastKnownFileType = sourcecode.c.objc; path = ViewController.m; sourceTree = "<group>"; };
		2EF452111E88DE7800127288 /* Base */ = {isa = PBXFileReference; lastKnownFileType = file.storyboard; name = Base; path = Base.lproj/Main.storyboard; sourceTree = "<group>"; };
		2EF452131E88DE7800127288 /* Assets.xcassets */ = {isa = PBXFileReference; lastKnownFileType = folder.assetcatalog; path = Assets.xcassets; sourceTree = "<group>"; };
		2EF452161E88DE7800127288 /* Base */ = {isa = PBXFileReference; lastKnownFileType = file.storyboard; name = Base; path = Base.lproj/LaunchScreen.storyboard; sourceTree = "<group>"; };
		2EF452181E88DE7800127288 /* Info.plist */ = {isa = PBXFileReference; lastKnownFileType = text.plist.xml; path = Info.plist; sourceTree = "<group>"; };
		2EF4521D1E88DE7800127288 /* WKWebViewTests.xctest */ = {isa = PBXFileReference; explicitFileType = wrapper.cfbundle; includeInIndex = 0; path = WKWebViewTests.xctest; sourceTree = BUILT_PRODUCTS_DIR; };
		2EF452211E88DE7800127288 /* WKWebViewTests.m */ = {isa = PBXFileReference; lastKnownFileType = sourcecode.c.objc; path = WKWebViewTests.m; sourceTree = "<group>"; };
		2EF452231E88DE7800127288 /* Info.plist */ = {isa = PBXFileReference; lastKnownFileType = text.plist.xml; path = Info.plist; sourceTree = "<group>"; };
		2EF452281E88DE7800127288 /* WKWebViewUITests.xctest */ = {isa = PBXFileReference; explicitFileType = wrapper.cfbundle; includeInIndex = 0; path = WKWebViewUITests.xctest; sourceTree = BUILT_PRODUCTS_DIR; };
		2EF4522C1E88DE7800127288 /* WKWebViewUITests.m */ = {isa = PBXFileReference; lastKnownFileType = sourcecode.c.objc; path = WKWebViewUITests.m; sourceTree = "<group>"; };
		2EF4522E1E88DE7800127288 /* Info.plist */ = {isa = PBXFileReference; lastKnownFileType = text.plist.xml; path = Info.plist; sourceTree = "<group>"; };
/* End PBXFileReference section */

/* Begin PBXFrameworksBuildPhase section */
		2EF452011E88DE7800127288 /* Frameworks */ = {
			isa = PBXFrameworksBuildPhase;
			buildActionMask = 2147483647;
			files = (
			);
			runOnlyForDeploymentPostprocessing = 0;
		};
		2EF4521A1E88DE7800127288 /* Frameworks */ = {
			isa = PBXFrameworksBuildPhase;
			buildActionMask = 2147483647;
			files = (
			);
			runOnlyForDeploymentPostprocessing = 0;
		};
		2EF452251E88DE7800127288 /* Frameworks */ = {
			isa = PBXFrameworksBuildPhase;
			buildActionMask = 2147483647;
			files = (
			);
			runOnlyForDeploymentPostprocessing = 0;
		};
/* End PBXFrameworksBuildPhase section */

/* Begin PBXGroup section */
		2EF451FB1E88DE7800127288 = {
			isa = PBXGroup;
			children = (
				2EF452061E88DE7800127288 /* WKWebView */,
				2EF452201E88DE7800127288 /* WKWebViewTests */,
				2EF4522B1E88DE7800127288 /* WKWebViewUITests */,
				2EF452051E88DE7800127288 /* Products */,
			);
			sourceTree = "<group>";
		};
		2EF452051E88DE7800127288 /* Products */ = {
			isa = PBXGroup;
			children = (
				2EF452041E88DE7800127288 /* WKWebView.app */,
				2EF4521D1E88DE7800127288 /* WKWebViewTests.xctest */,
				2EF452281E88DE7800127288 /* WKWebViewUITests.xctest */,
			);
			name = Products;
			sourceTree = "<group>";
		};
		2EF452061E88DE7800127288 /* WKWebView */ = {
			isa = PBXGroup;
			children = (
				2EF4520A1E88DE7800127288 /* AppDelegate.h */,
				2EF4520B1E88DE7800127288 /* AppDelegate.m */,
				2EF4520D1E88DE7800127288 /* ViewController.h */,
				2EF4520E1E88DE7800127288 /* ViewController.m */,
				2EF452101E88DE7800127288 /* Main.storyboard */,
				2EF452131E88DE7800127288 /* Assets.xcassets */,
				2EF452151E88DE7800127288 /* LaunchScreen.storyboard */,
				2EF452181E88DE7800127288 /* Info.plist */,
				2EF452071E88DE7800127288 /* Supporting Files */,
			);
			path = WKWebView;
			sourceTree = "<group>";
		};
		2EF452071E88DE7800127288 /* Supporting Files */ = {
			isa = PBXGroup;
			children = (
				2EF452081E88DE7800127288 /* main.m */,
			);
			name = "Supporting Files";
			sourceTree = "<group>";
		};
		2EF452201E88DE7800127288 /* WKWebViewTests */ = {
			isa = PBXGroup;
			children = (
				2EF452211E88DE7800127288 /* WKWebViewTests.m */,
				2EF452231E88DE7800127288 /* Info.plist */,
			);
			path = WKWebViewTests;
			sourceTree = "<group>";
		};
		2EF4522B1E88DE7800127288 /* WKWebViewUITests */ = {
			isa = PBXGroup;
			children = (
				2EF4522C1E88DE7800127288 /* WKWebViewUITests.m */,
				2EF4522E1E88DE7800127288 /* Info.plist */,
			);
			path = WKWebViewUITests;
			sourceTree = "<group>";
		};
/* End PBXGroup section */

/* Begin PBXNativeTarget section */
		2EF452031E88DE7800127288 /* WKWebView */ = {
			isa = PBXNativeTarget;
			buildConfigurationList = 2EF452311E88DE7800127288 /* Build configuration list for PBXNativeTarget "WKWebView" */;
			buildPhases = (
				2EF452001E88DE7800127288 /* Sources */,
				2EF452011E88DE7800127288 /* Frameworks */,
				2EF452021E88DE7800127288 /* Resources */,
			);
			buildRules = (
			);
			dependencies = (
			);
			name = WKWebView;
			productName = WKWebView;
			productReference = 2EF452041E88DE7800127288 /* WKWebView.app */;
			productType = "com.apple.product-type.application";
		};
		2EF4521C1E88DE7800127288 /* WKWebViewTests */ = {
			isa = PBXNativeTarget;
			buildConfigurationList = 2EF452341E88DE7800127288 /* Build configuration list for PBXNativeTarget "WKWebViewTests" */;
			buildPhases = (
				2EF452191E88DE7800127288 /* Sources */,
				2EF4521A1E88DE7800127288 /* Frameworks */,
				2EF4521B1E88DE7800127288 /* Resources */,
			);
			buildRules = (
			);
			dependencies = (
				2EF4521F1E88DE7800127288 /* PBXTargetDependency */,
			);
			name = WKWebViewTests;
			productName = WKWebViewTests;
			productReference = 2EF4521D1E88DE7800127288 /* WKWebViewTests.xctest */;
			productType = "com.apple.product-type.bundle.unit-test";
		};
		2EF452271E88DE7800127288 /* WKWebViewUITests */ = {
			isa = PBXNativeTarget;
			buildConfigurationList = 2EF452371E88DE7800127288 /* Build configuration list for PBXNativeTarget "WKWebViewUITests" */;
			buildPhases = (
				2EF452241E88DE7800127288 /* Sources */,
				2EF452251E88DE7800127288 /* Frameworks */,
				2EF452261E88DE7800127288 /* Resources */,
			);
			buildRules = (
			);
			dependencies = (
				2EF4522A1E88DE7800127288 /* PBXTargetDependency */,
			);
			name = WKWebViewUITests;
			productName = WKWebViewUITests;
			productReference = 2EF452281E88DE7800127288 /* WKWebViewUITests.xctest */;
			productType = "com.apple.product-type.bundle.ui-testing";
		};
/* End PBXNativeTarget section */

/* Begin PBXProject section */
		2EF451FC1E88DE7800127288 /* Project object */ = {
			isa = PBXProject;
			attributes = {
				LastUpgradeCheck = 0800;
				ORGANIZATIONNAME = View;
				TargetAttributes = {
					2EF452031E88DE7800127288 = {
						CreatedOnToolsVersion = 8.0;
						ProvisioningStyle = Automatic;
					};
					2EF4521C1E88DE7800127288 = {
						CreatedOnToolsVersion = 8.0;
						ProvisioningStyle = Automatic;
						TestTargetID = 2EF452031E88DE7800127288;
					};
					2EF452271E88DE7800127288 = {
						CreatedOnToolsVersion = 8.0;
						ProvisioningStyle = Automatic;
						TestTargetID = 2EF452031E88DE7800127288;
					};
				};
			};
			buildConfigurationList = 2EF451FF1E88DE7800127288 /* Build configuration list for PBXProject "WKWebView" */;
			compatibilityVersion = "Xcode 3.2";
			developmentRegion = English;
			hasScannedForEncodings = 0;
			knownRegions = (
				en,
				Base,
			);
			mainGroup = 2EF451FB1E88DE7800127288;
			productRefGroup = 2EF452051E88DE7800127288 /* Products */;
			projectDirPath = "";
			projectRoot = "";
			targets = (
				2EF452031E88DE7800127288 /* WKWebView */,
				2EF4521C1E88DE7800127288 /* WKWebViewTests */,
				2EF452271E88DE7800127288 /* WKWebViewUITests */,
			);
		};
/* End PBXProject section */

/* Begin PBXResourcesBuildPhase section */
		2EF452021E88DE7800127288 /* Resources */ = {
			isa = PBXResourcesBuildPhase;
			buildActionMask = 2147483647;
			files = (
				2EF452171E88DE7800127288 /* LaunchScreen.storyboard in Resources */,
				2EF452141E88DE7800127288 /* Assets.xcassets in Resources */,
				2EF452121E88DE7800127288 /* Main.storyboard in Resources */,
			);
			runOnlyForDeploymentPostprocessing = 0;
		};
		2EF4521B1E88DE7800127288 /* Resources */ = {
			isa = PBXResourcesBuildPhase;
			buildActionMask = 2147483647;
			files = (
			);
			runOnlyForDeploymentPostprocessing = 0;
		};
		2EF452261E88DE7800127288 /* Resources */ = {
			isa = PBXResourcesBuildPhase;
			buildActionMask = 2147483647;
			files = (
			);
			runOnlyForDeploymentPostprocessing = 0;
		};
/* End PBXResourcesBuildPhase section */

/* Begin PBXSourcesBuildPhase section */
		2EF452001E88DE7800127288 /* Sources */ = {
			isa = PBXSourcesBuildPhase;
			buildActionMask = 2147483647;
			files = (
				2EF4520F1E88DE7800127288 /* ViewController.m in Sources */,
				2EF4520C1E88DE7800127288 /* AppDelegate.m in Sources */,
				2EF452091E88DE7800127288 /* main.m in Sources */,
			);
			runOnlyForDeploymentPostprocessing = 0;
		};
		2EF452191E88DE7800127288 /* Sources */ = {
			isa = PBXSourcesBuildPhase;
			buildActionMask = 2147483647;
			files = (
				2EF452221E88DE7800127288 /* WKWebViewTests.m in Sources */,
			);
			runOnlyForDeploymentPostprocessing = 0;
		};
		2EF452241E88DE7800127288 /* Sources */ = {
			isa = PBXSourcesBuildPhase;
			buildActionMask = 2147483647;
			files = (
				2EF4522D1E88DE7800127288 /* WKWebViewUITests.m in Sources */,
			);
			runOnlyForDeploymentPostprocessing = 0;
		};
/* End PBXSourcesBuildPhase section */

/* Begin PBXTargetDependency section */
		2EF4521F1E88DE7800127288 /* PBXTargetDependency */ = {
			isa = PBXTargetDependency;
			target = 2EF452031E88DE7800127288 /* WKWebView */;
			targetProxy = 2EF4521E1E88DE7800127288 /* PBXContainerItemProxy */;
		};
		2EF4522A1E88DE7800127288 /* PBXTargetDependency */ = {
			isa = PBXTargetDependency;
			target = 2EF452031E88DE7800127288 /* WKWebView */;
			targetProxy = 2EF452291E88DE7800127288 /* PBXContainerItemProxy */;
		};
/* End PBXTargetDependency section */

/* Begin PBXVariantGroup section */
		2EF452101E88DE7800127288 /* Main.storyboard */ = {
			isa = PBXVariantGroup;
			children = (
				2EF452111E88DE7800127288 /* Base */,
			);
			name = Main.storyboard;
			sourceTree = "<group>";
		};
		2EF452151E88DE7800127288 /* LaunchScreen.storyboard */ = {
			isa = PBXVariantGroup;
			children = (
				2EF452161E88DE7800127288 /* Base */,
			);
			name = LaunchScreen.storyboard;
			sourceTree = "<group>";
		};
/* End PBXVariantGroup section */

/* Begin XCBuildConfiguration section */
		2EF4522F1E88DE7800127288 /* Debug */ = {
			isa = XCBuildConfiguration;
			buildSettings = {
				ALWAYS_SEARCH_USER_PATHS = NO;
				CLANG_ANALYZER_NONNULL = YES;
				CLANG_CXX_LANGUAGE_STANDARD = "gnu++0x";
				CLANG_CXX_LIBRARY = "libc++";
				CLANG_ENABLE_MODULES = YES;
				CLANG_ENABLE_OBJC_ARC = YES;
				CLANG_WARN_BOOL_CONVERSION = YES;
				CLANG_WARN_CONSTANT_CONVERSION = YES;
				CLANG_WARN_DIRECT_OBJC_ISA_USAGE = YES_ERROR;
				CLANG_WARN_DOCUMENTATION_COMMENTS = YES;
				CLANG_WARN_EMPTY_BODY = YES;
				CLANG_WARN_ENUM_CONVERSION = YES;
				CLANG_WARN_INFINITE_RECURSION = YES;
				CLANG_WARN_INT_CONVERSION = YES;
				CLANG_WARN_OBJC_ROOT_CLASS = YES_ERROR;
				CLANG_WARN_SUSPICIOUS_MOVES = YES;
				CLANG_WARN_UNREACHABLE_CODE = YES;
				CLANG_WARN__DUPLICATE_METHOD_MATCH = YES;
				"CODE_SIGN_IDENTITY[sdk=iphoneos*]" = "iPhone Developer";
				COPY_PHASE_STRIP = NO;
				DEBUG_INFORMATION_FORMAT = dwarf;
				ENABLE_STRICT_OBJC_MSGSEND = YES;
				ENABLE_TESTABILITY = YES;
				GCC_C_LANGUAGE_STANDARD = gnu99;
				GCC_DYNAMIC_NO_PIC = NO;
				GCC_NO_COMMON_BLOCKS = YES;
				GCC_OPTIMIZATION_LEVEL = 0;
				GCC_PREPROCESSOR_DEFINITIONS = (
					"DEBUG=1",
					"$(inherited)",
				);
				GCC_WARN_64_TO_32_BIT_CONVERSION = YES;
				GCC_WARN_ABOUT_RETURN_TYPE = YES_ERROR;
				GCC_WARN_UNDECLARED_SELECTOR = YES;
				GCC_WARN_UNINITIALIZED_AUTOS = YES_AGGRESSIVE;
				GCC_WARN_UNUSED_FUNCTION = YES;
				GCC_WARN_UNUSED_VARIABLE = YES;
				IPHONEOS_DEPLOYMENT_TARGET = 10.0;
				MTL_ENABLE_DEBUG_INFO = YES;
				ONLY_ACTIVE_ARCH = YES;
				SDKROOT = iphoneos;
			};
			name = Debug;
		};
		2EF452301E88DE7800127288 /* Release */ = {
			isa = XCBuildConfiguration;
			buildSettings = {
				ALWAYS_SEARCH_USER_PATHS = NO;
				CLANG_ANALYZER_NONNULL = YES;
				CLANG_CXX_LANGUAGE_STANDARD = "gnu++0x";
				CLANG_CXX_LIBRARY = "libc++";
				CLANG_ENABLE_MODULES = YES;
				CLANG_ENABLE_OBJC_ARC = YES;
				CLANG_WARN_BOOL_CONVERSION = YES;
				CLANG_WARN_CONSTANT_CONVERSION = YES;
				CLANG_WARN_DIRECT_OBJC_ISA_USAGE = YES_ERROR;
				CLANG_WARN_DOCUMENTATION_COMMENTS = YES;
				CLANG_WARN_EMPTY_BODY = YES;
				CLANG_WARN_ENUM_CONVERSION = YES;
				CLANG_WARN_INFINITE_RECURSION = YES;
				CLANG_WARN_INT_CONVERSION = YES;
				CLANG_WARN_OBJC_ROOT_CLASS = YES_ERROR;
				CLANG_WARN_SUSPICIOUS_MOVES = YES;
				CLANG_WARN_UNREACHABLE_CODE = YES;
				CLANG_WARN__DUPLICATE_METHOD_MATCH = YES;
				"CODE_SIGN_IDENTITY[sdk=iphoneos*]" = "iPhone Developer";
				COPY_PHASE_STRIP = NO;
				DEBUG_INFORMATION_FORMAT = "dwarf-with-dsym";
				ENABLE_NS_ASSERTIONS = NO;
				ENABLE_STRICT_OBJC_MSGSEND = YES;
				GCC_C_LANGUAGE_STANDARD = gnu99;
				GCC_NO_COMMON_BLOCKS = YES;
				GCC_WARN_64_TO_32_BIT_CONVERSION = YES;
				GCC_WARN_ABOUT_RETURN_TYPE = YES_ERROR;
				GCC_WARN_UNDECLARED_SELECTOR = YES;
				GCC_WARN_UNINITIALIZED_AUTOS = YES_AGGRESSIVE;
				GCC_WARN_UNUSED_FUNCTION = YES;
				GCC_WARN_UNUSED_VARIABLE = YES;
				IPHONEOS_DEPLOYMENT_TARGET = 10.0;
				MTL_ENABLE_DEBUG_INFO = NO;
				SDKROOT = iphoneos;
				VALIDATE_PRODUCT = YES;
			};
			name = Release;
		};
		2EF452321E88DE7800127288 /* Debug */ = {
			isa = XCBuildConfiguration;
			buildSettings = {
				ASSETCATALOG_COMPILER_APPICON_NAME = AppIcon;
				INFOPLIST_FILE = WKWebView/Info.plist;
				LD_RUNPATH_SEARCH_PATHS = "$(inherited) @executable_path/Frameworks";
				PRODUCT_BUNDLE_IDENTIFIER = com.test.WKWebView;
				PRODUCT_NAME = "$(TARGET_NAME)";
			};
			name = Debug;
		};
		2EF452331E88DE7800127288 /* Release */ = {
			isa = XCBuildConfiguration;
			buildSettings = {
				ASSETCATALOG_COMPILER_APPICON_NAME = AppIcon;
				INFOPLIST_FILE = WKWebView/Info.plist;
				LD_RUNPATH_SEARCH_PATHS = "$(inherited) @executable_path/Frameworks";
				PRODUCT_BUNDLE_IDENTIFIER = com.test.WKWebView;
				PRODUCT_NAME = "$(TARGET_NAME)";
			};
			name = Release;
		};
		2EF452351E88DE7800127288 /* Debug */ = {
			isa = XCBuildConfiguration;
			buildSettings = {
				BUNDLE_LOADER = "$(TEST_HOST)";
				INFOPLIST_FILE = WKWebViewTests/Info.plist;
				LD_RUNPATH_SEARCH_PATHS = "$(inherited) @executable_path/Frameworks @loader_path/Frameworks";
				PRODUCT_BUNDLE_IDENTIFIER = com.test.WKWebViewTests;
				PRODUCT_NAME = "$(TARGET_NAME)";
				TEST_HOST = "$(BUILT_PRODUCTS_DIR)/WKWebView.app/WKWebView";
			};
			name = Debug;
		};
		2EF452361E88DE7800127288 /* Release */ = {
			isa = XCBuildConfiguration;
			buildSettings = {
				BUNDLE_LOADER = "$(TEST_HOST)";
				INFOPLIST_FILE = WKWebViewTests/Info.plist;
				LD_RUNPATH_SEARCH_PATHS = "$(inherited) @executable_path/Frameworks @loader_path/Frameworks";
				PRODUCT_BUNDLE_IDENTIFIER = com.test.WKWebViewTests;
				PRODUCT_NAME = "$(TARGET_NAME)";
				TEST_HOST = "$(BUILT_PRODUCTS_DIR)/WKWebView.app/WKWebView";
			};
			name = Release;
		};
		2EF452381E88DE7800127288 /* Debug */ = {
			isa = XCBuildConfiguration;
			buildSettings = {
				INFOPLIST_FILE = WKWebViewUITests/Info.plist;
				LD_RUNPATH_SEARCH_PATHS = "$(inherited) @executable_path/Frameworks @loader_path/Frameworks";
				PRODUCT_BUNDLE_IDENTIFIER = com.test.WKWebViewUITests;
				PRODUCT_NAME = "$(TARGET_NAME)";
				TEST_TARGET_NAME = WKWebView;
			};
			name = Debug;
		};
		2EF452391E88DE7800127288 /* Release */ = {
			isa = XCBuildConfiguration;
			buildSettings = {
				INFOPLIST_FILE = WKWebViewUITests/Info.plist;
				LD_RUNPATH_SEARCH_PATHS = "$(inherited) @executable_path/Frameworks @loader_path/Frameworks";
				PRODUCT_BUNDLE_IDENTIFIER = com.test.WKWebViewUITests;
				PRODUCT_NAME = "$(TARGET_NAME)";
				TEST_TARGET_NAME = WKWebView;
			};
			name = Release;
		};
/* End XCBuildConfiguration section */

/* Begin XCConfigurationList section */
		2EF451FF1E88DE7800127288 /* Build configuration list for PBXProject "WKWebView" */ = {
			isa = XCConfigurationList;
			buildConfigurations = (
				2EF4522F1E88DE7800127288 /* Debug */,
				2EF452301E88DE7800127288 /* Release */,
			);
			defaultConfigurationIsVisible = 0;
			defaultConfigurationName = Release;
		};
		2EF452311E88DE7800127288 /* Build configuration list for PBXNativeTarget "WKWebView" */ = {
			isa = XCConfigurationList;
			buildConfigurations = (
				2EF452321E88DE7800127288 /* Debug */,
				2EF452331E88DE7800127288 /* Release */,
			);
			defaultConfigurationIsVisible = 0;
		};
		2EF452341E88DE7800127288 /* Build configuration list for PBXNativeTarget "WKWebViewTests" */ = {
			isa = XCConfigurationList;
			buildConfigurations = (
				2EF452351E88DE7800127288 /* Debug */,
				2EF452361E88DE7800127288 /* Release */,
			);
			defaultConfigurationIsVisible = 0;
		};
		2EF452371E88DE7800127288 /* Build configuration list for PBXNativeTarget "WKWebViewUITests" */ = {
			isa = XCConfigurationList;
			buildConfigurations = (
				2EF452381E88DE7800127288 /* Debug */,
				2EF452391E88DE7800127288 /* Release */,
			);
			defaultConfigurationIsVisible = 0;
		};
/* End XCConfigurationList section */
	};
	rootObject = 2EF451FC1E88DE7800127288 /* Project object */;
}
